
Microsoft Visual Studio Solution File, Format Version 12.00
# Visual Studio Version 17
VisualStudioVersion = 17.13.35806.99 d17.13
MinimumVisualStudioVersion = 10.0.40219.1
Project("{FAE04EC0-301F-11D3-BF4B-00C04F79EFBC}") = "SagaPatternOrchestrationDemo", "SagaPatternOrchestrationDemo\SagaPatternOrchestrationDemo.csproj", "{57B92CC8-95CC-444D-AC15-07F2E7AEA171}"
EndProject
Global
	GlobalSection(SolutionConfigurationPlatforms) = preSolution
		Debug|Any CPU = Debug|Any CPU
		Release|Any CPU = Release|Any CPU
	EndGlobalSection
	GlobalSection(ProjectConfigurationPlatforms) = postSolution
		{57B92CC8-95CC-444D-AC15-07F2E7AEA171}.Debug|Any CPU.ActiveCfg = Debug|Any CPU
		{57B92CC8-95CC-444D-AC15-07F2E7AEA171}.Debug|Any CPU.Build.0 = Debug|Any CPU
		{57B92CC8-95CC-444D-AC15-07F2E7AEA171}.Release|Any CPU.ActiveCfg = Release|Any CPU
		{57B92CC8-95CC-444D-AC15-07F2E7AEA171}.Release|Any CPU.Build.0 = Release|Any CPU
	EndGlobalSection
	GlobalSection(SolutionProperties) = preSolution
		HideSolutionNode = FALSE
	EndGlobalSection
	GlobalSection(ExtensibilityGlobals) = postSolution
		SolutionGuid = {4A3911EF-8BFD-4615-BA31-E43766C1F4BA}
	EndGlobalSection
EndGlobal
